
Microsoft Visual Studio Solution File, Format Version 12.00
# Visual Studio Version 17
VisualStudioVersion = 17.2.32516.85
MinimumVisualStudioVersion = 10.0.40219.1
Project("{FAE04EC0-301F-11D3-BF4B-00C04F79EFBC}") = "IkeCommerce.Microservices.Api.Product", "src\IkeCommerce.Microservices.Api.Product\IkeCommerce.Microservices.Api.Product.csproj", "{7F83784F-26F6-48A2-9848-F53CC52BDB00}"
EndProject
Global
	GlobalSection(SolutionConfigurationPlatforms) = preSolution
		Debug|Any CPU = Debug|Any CPU
		Release|Any CPU = Release|Any CPU
	EndGlobalSection
	GlobalSection(ProjectConfigurationPlatforms) = postSolution
		{7F83784F-26F6-48A2-9848-F53CC52BDB00}.Debug|Any CPU.ActiveCfg = Debug|Any CPU
		{7F83784F-26F6-48A2-9848-F53CC52BDB00}.Debug|Any CPU.Build.0 = Debug|Any CPU
		{7F83784F-26F6-48A2-9848-F53CC52BDB00}.Release|Any CPU.ActiveCfg = Release|Any CPU
		{7F83784F-26F6-48A2-9848-F53CC52BDB00}.Release|Any CPU.Build.0 = Release|Any CPU
	EndGlobalSection
	GlobalSection(SolutionProperties) = preSolution
		HideSolutionNode = FALSE
	EndGlobalSection
	GlobalSection(ExtensibilityGlobals) = postSolution
		SolutionGuid = {2FCB17E9-EA9C-455C-A8C5-36B9F98C867B}
	EndGlobalSection
EndGlobal
